
Microsoft Visual Studio Solution File, Format Version 12.00
# Visual Studio Version 17
VisualStudioVersion = 17.9.34723.18
MinimumVisualStudioVersion = 10.0.40219.1
Project("{9A19103F-16F7-4668-BE54-9A1E7A4F7556}") = "Domain", "Domain\Domain.csproj", "{D0762239-B400-4DBB-8597-E94E2B29E6A3}"
EndProject
Project("{FAE04EC0-301F-11D3-BF4B-00C04F79EFBC}") = "Infrastructure", "Infrastructure\Infrastructure.csproj", "{0F505968-0913-474B-8D3F-8A3560C424ED}"
EndProject
Project("{FAE04EC0-301F-11D3-BF4B-00C04F79EFBC}") = "TicketManagementUI", "TicketManagementUI\TicketManagementUI.csproj", "{5F1AA97A-6F73-4E9E-9671-631DFF0FD104}"
EndProject
Global
	GlobalSection(SolutionConfigurationPlatforms) = preSolution
		Debug|Any CPU = Debug|Any CPU
		Release|Any CPU = Release|Any CPU
	EndGlobalSection
	GlobalSection(ProjectConfigurationPlatforms) = postSolution
		{D0762239-B400-4DBB-8597-E94E2B29E6A3}.Debug|Any CPU.ActiveCfg = Debug|Any CPU
		{D0762239-B400-4DBB-8597-E94E2B29E6A3}.Debug|Any CPU.Build.0 = Debug|Any CPU
		{D0762239-B400-4DBB-8597-E94E2B29E6A3}.Release|Any CPU.ActiveCfg = Release|Any CPU
		{D0762239-B400-4DBB-8597-E94E2B29E6A3}.Release|Any CPU.Build.0 = Release|Any CPU
		{0F505968-0913-474B-8D3F-8A3560C424ED}.Debug|Any CPU.ActiveCfg = Debug|Any CPU
		{0F505968-0913-474B-8D3F-8A3560C424ED}.Debug|Any CPU.Build.0 = Debug|Any CPU
		{0F505968-0913-474B-8D3F-8A3560C424ED}.Release|Any CPU.ActiveCfg = Release|Any CPU
		{0F505968-0913-474B-8D3F-8A3560C424ED}.Release|Any CPU.Build.0 = Release|Any CPU
		{5F1AA97A-6F73-4E9E-9671-631DFF0FD104}.Debug|Any CPU.ActiveCfg = Debug|Any CPU
		{5F1AA97A-6F73-4E9E-9671-631DFF0FD104}.Debug|Any CPU.Build.0 = Debug|Any CPU
		{5F1AA97A-6F73-4E9E-9671-631DFF0FD104}.Release|Any CPU.ActiveCfg = Release|Any CPU
		{5F1AA97A-6F73-4E9E-9671-631DFF0FD104}.Release|Any CPU.Build.0 = Release|Any CPU
	EndGlobalSection
	GlobalSection(SolutionProperties) = preSolution
		HideSolutionNode = FALSE
	EndGlobalSection
	GlobalSection(ExtensibilityGlobals) = postSolution
		SolutionGuid = {D8B677F6-DFFC-412F-B632-7EB622071A54}
	EndGlobalSection
EndGlobal
